# This file is automatically @generated by Cargo.
# It is not intended for manual editing.
[[package]]
name = "bitflags"
version = "1.2.0"
source = "registry+https://github.com/rust-lang/crates.io-index"

[[package]]
name = "cfg-if"
version = "0.1.10"
source = "registry+https://github.com/rust-lang/crates.io-index"

[[package]]
name = "cloudabi"
version = "0.0.3"
source = "registry+https://github.com/rust-lang/crates.io-index"
dependencies = [
 "bitflags 1.2.0 (registry+https://github.com/rust-lang/crates.io-index)",
]

[[package]]
name = "glob"
version = "0.3.0"
source = "registry+https://github.com/rust-lang/crates.io-index"

[[package]]
name = "itoa"
version = "0.4.4"
source = "registry+https://github.com/rust-lang/crates.io-index"

[[package]]
name = "lazy_static"
version = "1.4.0"
source = "registry+https://github.com/rust-lang/crates.io-index"

[[package]]
name = "libc"
version = "0.2.62"
source = "registry+https://github.com/rust-lang/crates.io-index"

[[package]]
name = "lock_api"
version = "0.3.1"
source = "registry+https://github.com/rust-lang/crates.io-index"
dependencies = [
 "scopeguard 1.0.0 (registry+https://github.com/rust-lang/crates.io-index)",
]

[[package]]
name = "log"
version = "0.4.8"
source = "registry+https://github.com/rust-lang/crates.io-index"
dependencies = [
 "cfg-if 0.1.10 (registry+https://github.com/rust-lang/crates.io-index)",
]

[[package]]
name = "parking_lot"
version = "0.9.0"
source = "registry+https://github.com/rust-lang/crates.io-index"
dependencies = [
 "lock_api 0.3.1 (registry+https://github.com/rust-lang/crates.io-index)",
 "parking_lot_core 0.6.2 (registry+https://github.com/rust-lang/crates.io-index)",
 "rustc_version 0.2.3 (registry+https://github.com/rust-lang/crates.io-index)",
]

[[package]]
name = "parking_lot_core"
version = "0.6.2"
source = "registry+https://github.com/rust-lang/crates.io-index"
dependencies = [
 "cfg-if 0.1.10 (registry+https://github.com/rust-lang/crates.io-index)",
 "cloudabi 0.0.3 (registry+https://github.com/rust-lang/crates.io-index)",
 "libc 0.2.62 (registry+https://github.com/rust-lang/crates.io-index)",
 "redox_syscall 0.1.56 (registry+https://github.com/rust-lang/crates.io-index)",
 "rustc_version 0.2.3 (registry+https://github.com/rust-lang/crates.io-index)",
 "smallvec 0.6.10 (registry+https://github.com/rust-lang/crates.io-index)",
 "winapi 0.3.8 (registry+https://github.com/rust-lang/crates.io-index)",
]

[[package]]
name = "proc-macro2"
version = "1.0.4"
source = "registry+https://github.com/rust-lang/crates.io-index"
dependencies = [
 "unicode-xid 0.2.0 (registry+https://github.com/rust-lang/crates.io-index)",
]

[[package]]
name = "quote"
version = "1.0.2"
source = "registry+https://github.com/rust-lang/crates.io-index"
dependencies = [
 "proc-macro2 1.0.4 (registry+https://github.com/rust-lang/crates.io-index)",
]

[[package]]
name = "redox_syscall"
version = "0.1.56"
source = "registry+https://github.com/rust-lang/crates.io-index"

[[package]]
name = "rustc_version"
version = "0.2.3"
source = "registry+https://github.com/rust-lang/crates.io-index"
dependencies = [
 "semver 0.9.0 (registry+https://github.com/rust-lang/crates.io-index)",
]

[[package]]
name = "ryu"
version = "1.0.0"
source = "registry+https://github.com/rust-lang/crates.io-index"

[[package]]
name = "scopeguard"
version = "1.0.0"
source = "registry+https://github.com/rust-lang/crates.io-index"

[[package]]
name = "semver"
version = "0.9.0"
source = "registry+https://github.com/rust-lang/crates.io-index"
dependencies = [
 "semver-parser 0.7.0 (registry+https://github.com/rust-lang/crates.io-index)",
]

[[package]]
name = "semver-parser"
version = "0.7.0"
source = "registry+https://github.com/rust-lang/crates.io-index"

[[package]]
name = "serde"
version = "1.0.101"
source = "registry+https://github.com/rust-lang/crates.io-index"
dependencies = [
 "serde_derive 1.0.101 (registry+https://github.com/rust-lang/crates.io-index)",
]

[[package]]
name = "serde_derive"
version = "1.0.101"
source = "registry+https://github.com/rust-lang/crates.io-index"
dependencies = [
 "proc-macro2 1.0.4 (registry+https://github.com/rust-lang/crates.io-index)",
 "quote 1.0.2 (registry+https://github.com/rust-lang/crates.io-index)",
 "syn 1.0.5 (registry+https://github.com/rust-lang/crates.io-index)",
]

[[package]]
name = "serde_json"
version = "1.0.40"
source = "registry+https://github.com/rust-lang/crates.io-index"
dependencies = [
 "itoa 0.4.4 (registry+https://github.com/rust-lang/crates.io-index)",
 "ryu 1.0.0 (registry+https://github.com/rust-lang/crates.io-index)",
 "serde 1.0.101 (registry+https://github.com/rust-lang/crates.io-index)",
]

[[package]]
name = "smallvec"
version = "0.6.10"
source = "registry+https://github.com/rust-lang/crates.io-index"

[[package]]
name = "syn"
version = "1.0.5"
source = "registry+https://github.com/rust-lang/crates.io-index"
dependencies = [
 "proc-macro2 1.0.4 (registry+https://github.com/rust-lang/crates.io-index)",
 "quote 1.0.2 (registry+https://github.com/rust-lang/crates.io-index)",
 "unicode-xid 0.2.0 (registry+https://github.com/rust-lang/crates.io-index)",
]

[[package]]
name = "tao-log"
version = "0.2.1"
dependencies = [
 "log 0.4.8 (registry+https://github.com/rust-lang/crates.io-index)",
 "parking_lot 0.9.0 (registry+https://github.com/rust-lang/crates.io-index)",
]

[[package]]
name = "termcolor"
version = "1.0.5"
source = "registry+https://github.com/rust-lang/crates.io-index"
dependencies = [
 "wincolor 1.0.2 (registry+https://github.com/rust-lang/crates.io-index)",
]

[[package]]
name = "test_2015"
version = "6.6.6"
dependencies = [
 "tao-log 0.2.1",
]

[[package]]
name = "test_2018"
version = "6.6.6"
dependencies = [
 "tao-log 0.2.1",
]

[[package]]
name = "test_compile_errors"
version = "6.6.6"
dependencies = [
 "tao-log 0.2.1",
 "trybuild 1.0.15 (registry+https://github.com/rust-lang/crates.io-index)",
]

[[package]]
name = "toml"
version = "0.5.3"
source = "registry+https://github.com/rust-lang/crates.io-index"
dependencies = [
 "serde 1.0.101 (registry+https://github.com/rust-lang/crates.io-index)",
]

[[package]]
name = "trybuild"
version = "1.0.15"
source = "registry+https://github.com/rust-lang/crates.io-index"
dependencies = [
 "glob 0.3.0 (registry+https://github.com/rust-lang/crates.io-index)",
 "lazy_static 1.4.0 (registry+https://github.com/rust-lang/crates.io-index)",
 "serde 1.0.101 (registry+https://github.com/rust-lang/crates.io-index)",
 "serde_json 1.0.40 (registry+https://github.com/rust-lang/crates.io-index)",
 "termcolor 1.0.5 (registry+https://github.com/rust-lang/crates.io-index)",
 "toml 0.5.3 (registry+https://github.com/rust-lang/crates.io-index)",
]

[[package]]
name = "unicode-xid"
version = "0.2.0"
source = "registry+https://github.com/rust-lang/crates.io-index"

[[package]]
name = "winapi"
version = "0.3.8"
source = "registry+https://github.com/rust-lang/crates.io-index"
dependencies = [
 "winapi-i686-pc-windows-gnu 0.4.0 (registry+https://github.com/rust-lang/crates.io-index)",
 "winapi-x86_64-pc-windows-gnu 0.4.0 (registry+https://github.com/rust-lang/crates.io-index)",
]

[[package]]
name = "winapi-i686-pc-windows-gnu"
version = "0.4.0"
source = "registry+https://github.com/rust-lang/crates.io-index"

[[package]]
name = "winapi-util"
version = "0.1.2"
source = "registry+https://github.com/rust-lang/crates.io-index"
dependencies = [
 "winapi 0.3.8 (registry+https://github.com/rust-lang/crates.io-index)",
]

[[package]]
name = "winapi-x86_64-pc-windows-gnu"
version = "0.4.0"
source = "registry+https://github.com/rust-lang/crates.io-index"

[[package]]
name = "wincolor"
version = "1.0.2"
source = "registry+https://github.com/rust-lang/crates.io-index"
dependencies = [
 "winapi 0.3.8 (registry+https://github.com/rust-lang/crates.io-index)",
 "winapi-util 0.1.2 (registry+https://github.com/rust-lang/crates.io-index)",
]

[metadata]
"checksum bitflags 1.2.0 (registry+https://github.com/rust-lang/crates.io-index)" = "8a606a02debe2813760609f57a64a2ffd27d9fdf5b2f133eaca0b248dd92cdd2"
"checksum cfg-if 0.1.10 (registry+https://github.com/rust-lang/crates.io-index)" = "4785bdd1c96b2a846b2bd7cc02e86b6b3dbf14e7e53446c4f54c92a361040822"
"checksum cloudabi 0.0.3 (registry+https://github.com/rust-lang/crates.io-index)" = "ddfc5b9aa5d4507acaf872de71051dfd0e309860e88966e1051e462a077aac4f"
"checksum glob 0.3.0 (registry+https://github.com/rust-lang/crates.io-index)" = "9b919933a397b79c37e33b77bb2aa3dc8eb6e165ad809e58ff75bc7db2e34574"
"checksum itoa 0.4.4 (registry+https://github.com/rust-lang/crates.io-index)" = "501266b7edd0174f8530248f87f99c88fbe60ca4ef3dd486835b8d8d53136f7f"
"checksum lazy_static 1.4.0 (registry+https://github.com/rust-lang/crates.io-index)" = "e2abad23fbc42b3700f2f279844dc832adb2b2eb069b2df918f455c4e18cc646"
"checksum libc 0.2.62 (registry+https://github.com/rust-lang/crates.io-index)" = "34fcd2c08d2f832f376f4173a231990fa5aef4e99fb569867318a227ef4c06ba"
"checksum lock_api 0.3.1 (registry+https://github.com/rust-lang/crates.io-index)" = "f8912e782533a93a167888781b836336a6ca5da6175c05944c86cf28c31104dc"
"checksum log 0.4.8 (registry+https://github.com/rust-lang/crates.io-index)" = "14b6052be84e6b71ab17edffc2eeabf5c2c3ae1fdb464aae35ac50c67a44e1f7"
"checksum parking_lot 0.9.0 (registry+https://github.com/rust-lang/crates.io-index)" = "f842b1982eb6c2fe34036a4fbfb06dd185a3f5c8edfaacdf7d1ea10b07de6252"
"checksum parking_lot_core 0.6.2 (registry+https://github.com/rust-lang/crates.io-index)" = "b876b1b9e7ac6e1a74a6da34d25c42e17e8862aa409cbbbdcfc8d86c6f3bc62b"
"checksum proc-macro2 1.0.4 (registry+https://github.com/rust-lang/crates.io-index)" = "afdc77cc74ec70ed262262942ebb7dac3d479e9e5cfa2da1841c0806f6cdabcc"
"checksum quote 1.0.2 (registry+https://github.com/rust-lang/crates.io-index)" = "053a8c8bcc71fcce321828dc897a98ab9760bef03a4fc36693c231e5b3216cfe"
"checksum redox_syscall 0.1.56 (registry+https://github.com/rust-lang/crates.io-index)" = "2439c63f3f6139d1b57529d16bc3b8bb855230c8efcc5d3a896c8bea7c3b1e84"
"checksum rustc_version 0.2.3 (registry+https://github.com/rust-lang/crates.io-index)" = "138e3e0acb6c9fb258b19b67cb8abd63c00679d2851805ea151465464fe9030a"
"checksum ryu 1.0.0 (registry+https://github.com/rust-lang/crates.io-index)" = "c92464b447c0ee8c4fb3824ecc8383b81717b9f1e74ba2e72540aef7b9f82997"
"checksum scopeguard 1.0.0 (registry+https://github.com/rust-lang/crates.io-index)" = "b42e15e59b18a828bbf5c58ea01debb36b9b096346de35d941dcb89009f24a0d"
"checksum semver 0.9.0 (registry+https://github.com/rust-lang/crates.io-index)" = "1d7eb9ef2c18661902cc47e535f9bc51b78acd254da71d375c2f6720d9a40403"
"checksum semver-parser 0.7.0 (registry+https://github.com/rust-lang/crates.io-index)" = "388a1df253eca08550bef6c72392cfe7c30914bf41df5269b68cbd6ff8f570a3"
"checksum serde 1.0.101 (registry+https://github.com/rust-lang/crates.io-index)" = "9796c9b7ba2ffe7a9ce53c2287dfc48080f4b2b362fcc245a259b3a7201119dd"
"checksum serde_derive 1.0.101 (registry+https://github.com/rust-lang/crates.io-index)" = "4b133a43a1ecd55d4086bd5b4dc6c1751c68b1bfbeba7a5040442022c7e7c02e"
"checksum serde_json 1.0.40 (registry+https://github.com/rust-lang/crates.io-index)" = "051c49229f282f7c6f3813f8286cc1e3323e8051823fce42c7ea80fe13521704"
"checksum smallvec 0.6.10 (registry+https://github.com/rust-lang/crates.io-index)" = "ab606a9c5e214920bb66c458cd7be8ef094f813f20fe77a54cc7dbfff220d4b7"
"checksum syn 1.0.5 (registry+https://github.com/rust-lang/crates.io-index)" = "66850e97125af79138385e9b88339cbcd037e3f28ceab8c5ad98e64f0f1f80bf"
"checksum termcolor 1.0.5 (registry+https://github.com/rust-lang/crates.io-index)" = "96d6098003bde162e4277c70665bd87c326f5a0c3f3fbfb285787fa482d54e6e"
"checksum toml 0.5.3 (registry+https://github.com/rust-lang/crates.io-index)" = "c7aabe75941d914b72bf3e5d3932ed92ce0664d49d8432305a8b547c37227724"
"checksum trybuild 1.0.15 (registry+https://github.com/rust-lang/crates.io-index)" = "9fc69705e261edf3b9a87012b2353a49f49c0465186b5ab96e95f6983d6984aa"
"checksum unicode-xid 0.2.0 (registry+https://github.com/rust-lang/crates.io-index)" = "826e7639553986605ec5979c7dd957c7895e93eabed50ab2ffa7f6128a75097c"
"checksum winapi 0.3.8 (registry+https://github.com/rust-lang/crates.io-index)" = "8093091eeb260906a183e6ae1abdba2ef5ef2257a21801128899c3fc699229c6"
"checksum winapi-i686-pc-windows-gnu 0.4.0 (registry+https://github.com/rust-lang/crates.io-index)" = "ac3b87c63620426dd9b991e5ce0329eff545bccbbb34f3be09ff6fb6ab51b7b6"
"checksum winapi-util 0.1.2 (registry+https://github.com/rust-lang/crates.io-index)" = "7168bab6e1daee33b4557efd0e95d5ca70a03706d39fa5f3fe7a236f584b03c9"
"checksum winapi-x86_64-pc-windows-gnu 0.4.0 (registry+https://github.com/rust-lang/crates.io-index)" = "712e227841d057c1ee1cd2fb22fa7e5a5461ae8e48fa2ca79ec42cfc1931183f"
"checksum wincolor 1.0.2 (registry+https://github.com/rust-lang/crates.io-index)" = "96f5016b18804d24db43cebf3c77269e7569b8954a8464501c216cc5e070eaa9"
